hash: 43eeb36c47676996d79e30ac65bb96005b0728301650f28053b2309d4c100a22
updated: 2019-04-22T15:32:44.885353+01:00
imports:
- name: github.com/beorn7/perks
  version: 4b2b341e8d7715fae06375aa633dbb6e91b3fb46
  subpackages:
  - quantile
- name: github.com/blang/semver
  version: 31b736133b98f26d5e078ec9eb591666edfd091f
- name: github.com/davecgh/go-spew
  version: 8991bc29aa16c548c550c7ff78260e27b9ab7c73
  subpackages:
  - spew
- name: github.com/docker/distribution
  version: cd27f179f2c10c5d300e6d09025b538c475b0d51
  subpackages:
  - digest
  - reference
- name: github.com/emicklei/go-restful
  version: 89ef8af493ab468a45a42bb0d89a06fccdd2fb22
  subpackages:
  - log
  - swagger
- name: github.com/fatih/structs
  version: 878a968ab22548362a09bdb3322f98b00f470d46
- name: github.com/ghodss/yaml
  version: 73d445a93680fa1a78ae23a5839bad48f32ba1ee
- name: github.com/giantswarm/retry-go
  version: d78cea247d5e87d005ff7732f88bc52359afbe19
- name: github.com/gogo/protobuf
  version: 342cbe0a04158f6dcb03ca0079991a51a4248c02
  subpackages:
  - proto
  - sortkeys
- name: github.com/golang/glog
  version: 23def4e6c14b4da8ac2ed8007337bc5eb5007998
- name: github.com/golang/protobuf
  version: aa810b61a9c79d51363740d207bb46cf8e620ed5
  subpackages:
  - proto
- name: github.com/google/gofuzz
  version: bbcb9da2d746f8bdbd6a936686a0a6067ada0ec5
- name: github.com/google/uuid
  version: d460ce9f8df2e77fb1ba55ca87fafed96c607494
- name: github.com/hashicorp/errwrap
  version: 8a6fb523712970c966eefc6b39ed2c5e74880354
- name: github.com/hashicorp/go-cleanhttp
  version: d3fcbee8e1810ecee4bdbf415f42f84cfd0e3361
- name: github.com/hashicorp/go-multierror
  version: 886a7fbe3eb1c874d46f623bfa70af45f425b3d1
- name: github.com/hashicorp/go-rootcerts
  version: 63503fb4e1eca22f9ae0f90b49c5d5538a0e87eb
- name: github.com/hashicorp/hcl
  version: 65a6292f0157eff210d03ed1bf6c59b190b8b906
  subpackages:
  - hcl/ast
  - hcl/parser
  - hcl/scanner
  - hcl/strconv
  - hcl/token
  - json/parser
  - json/scanner
  - json/token
- name: github.com/hashicorp/vault
  version: 5d8d702f33b5fd965cbe8d6d0728295de813a196
  subpackages:
  - api
  - helper/compressutil
  - helper/jsonutil
- name: github.com/juju/errgo
  version: 08cceb5d0b5331634b9826762a8fd53b29b86ad8
- name: github.com/juju/ratelimit
  version: 77ed1c8a01217656d2080ad51981f6e99adaa177
- name: github.com/matttproud/golang_protobuf_extensions
  version: fc2b8d3a73c4867e51861bbdd5ae3c1f0869dd6a
  subpackages:
  - pbutil
- name: github.com/mitchellh/go-homedir
  version: b8bc1bf767474819792c23f32d8286a45736f1c6
- name: github.com/mitchellh/mapstructure
  version: 740c764bc6149d3f1806231418adb9f52c11bcbf
- name: github.com/pborman/uuid
  version: ca53cad383cad2479bbba7f7a1a05797ec1386e4
- name: github.com/prometheus/client_golang
  version: 65d3a96fbaa7c8c9535d7133d6d98cd50eed4db8
  subpackages:
  - prometheus
  - prometheus/internal
  - prometheus/promhttp
- name: github.com/prometheus/client_model
  version: fd36f4220a901265f90734c3183c5f0c91daa0b8
  subpackages:
  - go
- name: github.com/prometheus/common
  version: a82f4c12f983cc2649298185f296632953e50d3e
  subpackages:
  - expfmt
  - internal/bitbucket.org/ww/goautoneg
  - model
- name: github.com/prometheus/procfs
  version: 8368d24ba045f26503eb745b624d930cbe214c79
- name: github.com/quipo/statsd
  version: 3d6a5565f3141ac42f8353d97b2c016da2752006
  subpackages:
  - event
- name: github.com/sethgrid/pester
  version: 68a33a018ad0ac8266f272ec669307a1829c0486
- name: github.com/Sirupsen/logrus
  version: ba1b36c82c5e05c4f912a88eab0dcd91a171688f
- name: github.com/spf13/pflag
  version: 1560c1005499d61b80f865c04d39ca7505bf7f0b
- name: github.com/ugorji/go
  version: 1d65431a5776db967ae5481e33b789f9ffcea0ec
  subpackages:
  - codec
- name: golang.org/x/net
  version: e90d6d0afc4c315a0d87a568ae68577cc15149a0
  subpackages:
  - context
  - http2
  - http2/hpack
  - lex/httplex
- name: golang.org/x/sys
  version: a55a76086885b80f79961eacb876ebd8caf3868d
  subpackages:
  - unix
- name: gopkg.in/inf.v0
  version: 3887ee99ecf07df5b447e9b00d9c0b2adaa9f3e4
- name: gopkg.in/yaml.v2
  version: 53feefa2559fb8dfa8d81baad31be332c97d6c77
- name: k8s.io/client-go
  version: 3a5b96cfd3d3ff1d53d979b4297c4f3b869aab09
  subpackages:
  - 1.4/discovery
  - 1.4/kubernetes
  - 1.4/kubernetes/typed/apps/v1alpha1
  - 1.4/kubernetes/typed/authentication/v1beta1
  - 1.4/kubernetes/typed/authorization/v1beta1
  - 1.4/kubernetes/typed/autoscaling/v1
  - 1.4/kubernetes/typed/batch/v1
  - 1.4/kubernetes/typed/certificates/v1alpha1
  - 1.4/kubernetes/typed/core/v1
  - 1.4/kubernetes/typed/extensions/v1beta1
  - 1.4/kubernetes/typed/policy/v1alpha1
  - 1.4/kubernetes/typed/rbac/v1alpha1
  - 1.4/kubernetes/typed/storage/v1beta1
  - 1.4/pkg/api
  - 1.4/pkg/api/endpoints
  - 1.4/pkg/api/errors
  - 1.4/pkg/api/install
  - 1.4/pkg/api/meta
  - 1.4/pkg/api/meta/metatypes
  - 1.4/pkg/api/pod
  - 1.4/pkg/api/resource
  - 1.4/pkg/api/service
  - 1.4/pkg/api/unversioned
  - 1.4/pkg/api/unversioned/validation
  - 1.4/pkg/api/util
  - 1.4/pkg/api/v1
  - 1.4/pkg/api/validation
  - 1.4/pkg/apimachinery
  - 1.4/pkg/apimachinery/registered
  - 1.4/pkg/apis/apps
  - 1.4/pkg/apis/apps/install
  - 1.4/pkg/apis/apps/v1alpha1
  - 1.4/pkg/apis/authentication
  - 1.4/pkg/apis/authentication/install
  - 1.4/pkg/apis/authentication/v1beta1
  - 1.4/pkg/apis/authorization
  - 1.4/pkg/apis/authorization/install
  - 1.4/pkg/apis/authorization/v1beta1
  - 1.4/pkg/apis/autoscaling
  - 1.4/pkg/apis/autoscaling/install
  - 1.4/pkg/apis/autoscaling/v1
  - 1.4/pkg/apis/batch
  - 1.4/pkg/apis/batch/install
  - 1.4/pkg/apis/batch/v1
  - 1.4/pkg/apis/batch/v2alpha1
  - 1.4/pkg/apis/certificates
  - 1.4/pkg/apis/certificates/install
  - 1.4/pkg/apis/certificates/v1alpha1
  - 1.4/pkg/apis/extensions
  - 1.4/pkg/apis/extensions/install
  - 1.4/pkg/apis/extensions/v1beta1
  - 1.4/pkg/apis/policy
  - 1.4/pkg/apis/policy/install
  - 1.4/pkg/apis/policy/v1alpha1
  - 1.4/pkg/apis/rbac
  - 1.4/pkg/apis/rbac/install
  - 1.4/pkg/apis/rbac/v1alpha1
  - 1.4/pkg/apis/storage
  - 1.4/pkg/apis/storage/install
  - 1.4/pkg/apis/storage/v1beta1
  - 1.4/pkg/auth/user
  - 1.4/pkg/capabilities
  - 1.4/pkg/conversion
  - 1.4/pkg/conversion/queryparams
  - 1.4/pkg/fields
  - 1.4/pkg/labels
  - 1.4/pkg/runtime
  - 1.4/pkg/runtime/serializer
  - 1.4/pkg/runtime/serializer/json
  - 1.4/pkg/runtime/serializer/protobuf
  - 1.4/pkg/runtime/serializer/recognizer
  - 1.4/pkg/runtime/serializer/streaming
  - 1.4/pkg/runtime/serializer/versioning
  - 1.4/pkg/security/apparmor
  - 1.4/pkg/selection
  - 1.4/pkg/third_party/forked/golang/reflect
  - 1.4/pkg/types
  - 1.4/pkg/util
  - 1.4/pkg/util/clock
  - 1.4/pkg/util/config
  - 1.4/pkg/util/crypto
  - 1.4/pkg/util/errors
  - 1.4/pkg/util/flowcontrol
  - 1.4/pkg/util/framer
  - 1.4/pkg/util/hash
  - 1.4/pkg/util/integer
  - 1.4/pkg/util/intstr
  - 1.4/pkg/util/json
  - 1.4/pkg/util/labels
  - 1.4/pkg/util/net
  - 1.4/pkg/util/net/sets
  - 1.4/pkg/util/parsers
  - 1.4/pkg/util/rand
  - 1.4/pkg/util/runtime
  - 1.4/pkg/util/sets
  - 1.4/pkg/util/uuid
  - 1.4/pkg/util/validation
  - 1.4/pkg/util/validation/field
  - 1.4/pkg/util/wait
  - 1.4/pkg/util/yaml
  - 1.4/pkg/version
  - 1.4/pkg/watch
  - 1.4/pkg/watch/versioned
  - 1.4/rest
  - 1.4/tools/clientcmd/api
  - 1.4/tools/metrics
  - 1.4/transport
- name: k8s.io/kubernetes
  version: 19e81afecf5eb2b7838c35e2cbf776aff04dc34c
  subpackages:
  - pkg/util/clock
  - pkg/util/flowcontrol
  - pkg/util/integer
testImports: []
